// !$*UTF8*$!
{
	archiveVersion = 1;
	classes = {
	};
	objectVersion = 52;
	objects = {

/* Begin PBXBuildFile section */
		204200222068DFF3006367D5 /* RandomTests.swift in Sources */ = {isa = PBXBuildFile; fileRef = 204200212068DFF3006367D5 /* RandomTests.swift */; };
		204200242068E228006367D5 /* KeysTests.swift in Sources */ = {isa = PBXBuildFile; fileRef = 204200232068E228006367D5 /* KeysTests.swift */; };
		204200262068EEAD006367D5 /* AESTests.swift in Sources */ = {isa = PBXBuildFile; fileRef = 204200252068EEAD006367D5 /* AESTests.swift */; };
		204200282069070D006367D5 /* HMACTests.swift in Sources */ = {isa = PBXBuildFile; fileRef = 204200272069070D006367D5 /* HMACTests.swift */; };
		2042002A20690C09006367D5 /* SignatureTests.swift in Sources */ = {isa = PBXBuildFile; fileRef = 2042002920690C09006367D5 /* SignatureTests.swift */; };
		2069E34F2062AD7B00117697 /* Printer.swift in Sources */ = {isa = PBXBuildFile; fileRef = 2069E34E2062AD7B00117697 /* Printer.swift */; };
		208389F7230C24E800573E3A /* HMUtilities in Frameworks */ = {isa = PBXBuildFile; productRef = 208389F6230C24E800573E3A /* HMUtilities */; };
		20951714206540D1001AA315 /* CommandInfo.swift in Sources */ = {isa = PBXBuildFile; fileRef = 2069E3522062B2B500117697 /* CommandInfo.swift */; };
		20951715206540D1001AA315 /* CommandsManager.swift in Sources */ = {isa = PBXBuildFile; fileRef = 2069E3502062B2A800117697 /* CommandsManager.swift */; };
		OBJ_57 /* HMCryptoKit.framework in Frameworks */ = {isa = PBXBuildFile; fileRef = "HMCryptoKit::HMCryptoKit::Product" /* HMCryptoKit.framework */; };
		OBJ_69 /* main.swift in Sources */ = {isa = PBXBuildFile; fileRef = OBJ_24 /* main.swift */; };
		OBJ_71 /* HMCryptoKit.framework in Frameworks */ = {isa = PBXBuildFile; fileRef = "HMCryptoKit::HMCryptoKit::Product" /* HMCryptoKit.framework */; };
		OBJ_79 /* SecKey+Extensions.swift in Sources */ = {isa = PBXBuildFile; fileRef = OBJ_10 /* SecKey+Extensions.swift */; };
		OBJ_80 /* UInt8Collection+Extensions.swift in Sources */ = {isa = PBXBuildFile; fileRef = OBJ_11 /* UInt8Collection+Extensions.swift */; };
		OBJ_81 /* AES.swift in Sources */ = {isa = PBXBuildFile; fileRef = OBJ_13 /* AES.swift */; };
		OBJ_82 /* HMAC.swift in Sources */ = {isa = PBXBuildFile; fileRef = OBJ_14 /* HMAC.swift */; };
		OBJ_83 /* Keys.swift in Sources */ = {isa = PBXBuildFile; fileRef = OBJ_15 /* Keys.swift */; };
		OBJ_84 /* Random.swift in Sources */ = {isa = PBXBuildFile; fileRef = OBJ_16 /* Random.swift */; };
		OBJ_85 /* SHA.swift in Sources */ = {isa = PBXBuildFile; fileRef = OBJ_17 /* SHA.swift */; };
		OBJ_86 /* Signature.swift in Sources */ = {isa = PBXBuildFile; fileRef = OBJ_18 /* Signature.swift */; };
		OBJ_87 /* HMCryptoKit.swift in Sources */ = {isa = PBXBuildFile; fileRef = OBJ_19 /* HMCryptoKit.swift */; };
		OBJ_88 /* HMCryptoKitError.swift in Sources */ = {isa = PBXBuildFile; fileRef = OBJ_21 /* HMCryptoKitError.swift */; };
/* End PBXBuildFile section */

/* Begin PBXContainerItemProxy section */
		20580B40205AB29E000E9ED3 /* PBXContainerItemProxy */ = {
			isa = PBXContainerItemProxy;
			containerPortal = OBJ_1 /* Project object */;
			proxyType = 1;
			remoteGlobalIDString = "HMCryptoKit::HMCryptoKit";
			remoteInfo = HMCryptoKit;
		};
		20580B42205AB29E000E9ED3 /* PBXContainerItemProxy */ = {
			isa = PBXContainerItemProxy;
			containerPortal = OBJ_1 /* Project object */;
			proxyType = 1;
			remoteGlobalIDString = "HMCryptoKit::HMCryptoKit";
			remoteInfo = HMCryptoKit;
		};
		20951716206540DD001AA315 /* PBXContainerItemProxy */ = {
			isa = PBXContainerItemProxy;
			containerPortal = OBJ_1 /* Project object */;
			proxyType = 1;
			remoteGlobalIDString = 209516FF206540A2001AA315;
			remoteInfo = HMCryptoKitCommandsInfo;
		};
		20AA9158206E85B100EC9461 /* PBXContainerItemProxy */ = {
			isa = PBXContainerItemProxy;
			containerPortal = OBJ_1 /* Project object */;
			proxyType = 1;
			remoteGlobalIDString = "HMCryptoKit::HMCryptoKit";
			remoteInfo = HMCryptoKit;
		};
/* End PBXContainerItemProxy section */

/* Begin PBXFileReference section */
		2025022021B1577700F8F5A3 /* Testground.playground */ = {isa = PBXFileReference; lastKnownFileType = file.playground; path = Testground.playground; sourceTree = "<group>"; xcLanguageSpecificationIdentifier = xcode.lang.swift; };
		204200212068DFF3006367D5 /* RandomTests.swift */ = {isa = PBXFileReference; lastKnownFileType = sourcecode.swift; path = RandomTests.swift; sourceTree = "<group>"; };
		204200232068E228006367D5 /* KeysTests.swift */ = {isa = PBXFileReference; lastKnownFileType = sourcecode.swift; path = KeysTests.swift; sourceTree = "<group>"; };
		204200252068EEAD006367D5 /* AESTests.swift */ = {isa = PBXFileReference; lastKnownFileType = sourcecode.swift; path = AESTests.swift; sourceTree = "<group>"; };
		204200272069070D006367D5 /* HMACTests.swift */ = {isa = PBXFileReference; lastKnownFileType = sourcecode.swift; path = HMACTests.swift; sourceTree = "<group>"; };
		2042002920690C09006367D5 /* SignatureTests.swift */ = {isa = PBXFileReference; lastKnownFileType = sourcecode.swift; path = SignatureTests.swift; sourceTree = "<group>"; };
		2069E34E2062AD7B00117697 /* Printer.swift */ = {isa = PBXFileReference; lastKnownFileType = sourcecode.swift; path = Printer.swift; sourceTree = "<group>"; };
		2069E3502062B2A800117697 /* CommandsManager.swift */ = {isa = PBXFileReference; lastKnownFileType = sourcecode.swift; path = CommandsManager.swift; sourceTree = "<group>"; };
		2069E3522062B2B500117697 /* CommandInfo.swift */ = {isa = PBXFileReference; lastKnownFileType = sourcecode.swift; path = CommandInfo.swift; sourceTree = "<group>"; };
		20951712206540A2001AA315 /* HMCryptoKitCommandsInfo.framework */ = {isa = PBXFileReference; explicitFileType = wrapper.framework; includeInIndex = 0; path = HMCryptoKitCommandsInfo.framework; sourceTree = BUILT_PRODUCTS_DIR; };
		"HMCryptoKit::HMCryptoKit::Product" /* HMCryptoKit.framework */ = {isa = PBXFileReference; explicitFileType = wrapper.framework; path = HMCryptoKit.framework; sourceTree = BUILT_PRODUCTS_DIR; };
		"HMCryptoKit::HMCryptoKitCLT::Product" /* HMCryptoKitCLT */ = {isa = PBXFileReference; explicitFileType = "compiled.mach-o.executable"; path = HMCryptoKitCLT; sourceTree = BUILT_PRODUCTS_DIR; };
		"HMCryptoKit::HMCryptoKitTests::Product" /* HMCryptoKitTests.xctest */ = {isa = PBXFileReference; explicitFileType = wrapper.cfbundle; path = HMCryptoKitTests.xctest; sourceTree = BUILT_PRODUCTS_DIR; };
		OBJ_10 /* SecKey+Extensions.swift */ = {isa = PBXFileReference; lastKnownFileType = sourcecode.swift; path = "SecKey+Extensions.swift"; sourceTree = "<group>"; };
		OBJ_11 /* UInt8Collection+Extensions.swift */ = {isa = PBXFileReference; lastKnownFileType = sourcecode.swift; path = "UInt8Collection+Extensions.swift"; sourceTree = "<group>"; };
		OBJ_13 /* AES.swift */ = {isa = PBXFileReference; lastKnownFileType = sourcecode.swift; path = AES.swift; sourceTree = "<group>"; };
		OBJ_14 /* HMAC.swift */ = {isa = PBXFileReference; lastKnownFileType = sourcecode.swift; path = HMAC.swift; sourceTree = "<group>"; };
		OBJ_15 /* Keys.swift */ = {isa = PBXFileReference; lastKnownFileType = sourcecode.swift; path = Keys.swift; sourceTree = "<group>"; };
		OBJ_16 /* Random.swift */ = {isa = PBXFileReference; lastKnownFileType = sourcecode.swift; path = Random.swift; sourceTree = "<group>"; };
		OBJ_17 /* SHA.swift */ = {isa = PBXFileReference; lastKnownFileType = sourcecode.swift; path = SHA.swift; sourceTree = "<group>"; };
		OBJ_18 /* Signature.swift */ = {isa = PBXFileReference; lastKnownFileType = sourcecode.swift; path = Signature.swift; sourceTree = "<group>"; };
		OBJ_19 /* HMCryptoKit.swift */ = {isa = PBXFileReference; lastKnownFileType = sourcecode.swift; path = HMCryptoKit.swift; sourceTree = "<group>"; };
		OBJ_21 /* HMCryptoKitError.swift */ = {isa = PBXFileReference; lastKnownFileType = sourcecode.swift; path = HMCryptoKitError.swift; sourceTree = "<group>"; };
		OBJ_24 /* main.swift */ = {isa = PBXFileReference; lastKnownFileType = sourcecode.swift; path = main.swift; sourceTree = "<group>"; };
		OBJ_6 /* Package.swift */ = {isa = PBXFileReference; explicitFileType = sourcecode.swift; path = Package.swift; sourceTree = "<group>"; };
/* End PBXFileReference section */

/* Begin PBXFrameworksBuildPhase section */
		2095170D206540A2001AA315 /* Frameworks */ = {
			isa = PBXFrameworksBuildPhase;
			buildActionMask = 0;
			files = (
			);
			runOnlyForDeploymentPostprocessing = 0;
		};
		OBJ_56 /* Frameworks */ = {
			isa = PBXFrameworksBuildPhase;
			buildActionMask = 0;
			files = (
				OBJ_57 /* HMCryptoKit.framework in Frameworks */,
			);
			runOnlyForDeploymentPostprocessing = 0;
		};
		OBJ_70 /* Frameworks */ = {
			isa = PBXFrameworksBuildPhase;
			buildActionMask = 0;
			files = (
				OBJ_71 /* HMCryptoKit.framework in Frameworks */,
			);
			runOnlyForDeploymentPostprocessing = 0;
		};
		OBJ_89 /* Frameworks */ = {
			isa = PBXFrameworksBuildPhase;
			buildActionMask = 0;
			files = (
				208389F7230C24E800573E3A /* HMUtilities in Frameworks */,
			);
			runOnlyForDeploymentPostprocessing = 0;
		};
/* End PBXFrameworksBuildPhase section */

/* Begin PBXGroup section */
		209516FE20654022001AA315 /* HMCryptoKitCommandsInfo */ = {
			isa = PBXGroup;
			children = (
				2069E3522062B2B500117697 /* CommandInfo.swift */,
				2069E3502062B2A800117697 /* CommandsManager.swift */,
			);
			name = HMCryptoKitCommandsInfo;
			path = Sources/HMCryptoKitCommandsInfo;
			sourceTree = SOURCE_ROOT;
		};
		OBJ_12 /* Functions */ = {
			isa = PBXGroup;
			children = (
				OBJ_13 /* AES.swift */,
				OBJ_14 /* HMAC.swift */,
				OBJ_15 /* Keys.swift */,
				OBJ_16 /* Random.swift */,
				OBJ_17 /* SHA.swift */,
				OBJ_18 /* Signature.swift */,
			);
			path = Functions;
			sourceTree = "<group>";
		};
		OBJ_20 /* Other */ = {
			isa = PBXGroup;
			children = (
				OBJ_21 /* HMCryptoKitError.swift */,
			);
			path = Other;
			sourceTree = "<group>";
		};
		OBJ_22 /* HMCryptoKitCLT */ = {
			isa = PBXGroup;
			children = (
				2069E34E2062AD7B00117697 /* Printer.swift */,
				OBJ_24 /* main.swift */,
			);
			name = HMCryptoKitCLT;
			path = Sources/HMCryptoKitCLT;
			sourceTree = SOURCE_ROOT;
		};
		OBJ_25 /* Tests */ = {
			isa = PBXGroup;
			children = (
				OBJ_26 /* HMCryptoKitTests */,
			);
			name = Tests;
			sourceTree = SOURCE_ROOT;
		};
		OBJ_26 /* HMCryptoKitTests */ = {
			isa = PBXGroup;
			children = (
				204200252068EEAD006367D5 /* AESTests.swift */,
				204200272069070D006367D5 /* HMACTests.swift */,
				204200232068E228006367D5 /* KeysTests.swift */,
				204200212068DFF3006367D5 /* RandomTests.swift */,
				2042002920690C09006367D5 /* SignatureTests.swift */,
			);
			name = HMCryptoKitTests;
			path = Tests/HMCryptoKitTests;
			sourceTree = SOURCE_ROOT;
		};
		OBJ_33 /* Products */ = {
			isa = PBXGroup;
			children = (
				"HMCryptoKit::HMCryptoKitTests::Product" /* HMCryptoKitTests.xctest */,
				"HMCryptoKit::HMCryptoKitCLT::Product" /* HMCryptoKitCLT */,
				"HMCryptoKit::HMCryptoKit::Product" /* HMCryptoKit.framework */,
				20951712206540A2001AA315 /* HMCryptoKitCommandsInfo.framework */,
			);
			name = Products;
			sourceTree = BUILT_PRODUCTS_DIR;
		};
		OBJ_5 = {
			isa = PBXGroup;
			children = (
				OBJ_6 /* Package.swift */,
				2025022021B1577700F8F5A3 /* Testground.playground */,
				OBJ_7 /* Sources */,
				OBJ_25 /* Tests */,
				OBJ_33 /* Products */,
			);
			sourceTree = "<group>";
		};
		OBJ_7 /* Sources */ = {
			isa = PBXGroup;
			children = (
				OBJ_8 /* HMCryptoKit */,
				OBJ_22 /* HMCryptoKitCLT */,
				209516FE20654022001AA315 /* HMCryptoKitCommandsInfo */,
			);
			name = Sources;
			sourceTree = SOURCE_ROOT;
		};
		OBJ_8 /* HMCryptoKit */ = {
			isa = PBXGroup;
			children = (
				OBJ_9 /* Extensions */,
				OBJ_12 /* Functions */,
				OBJ_19 /* HMCryptoKit.swift */,
				OBJ_20 /* Other */,
			);
			name = HMCryptoKit;
			path = Sources/HMCryptoKit;
			sourceTree = SOURCE_ROOT;
		};
		OBJ_9 /* Extensions */ = {
			isa = PBXGroup;
			children = (
				OBJ_10 /* SecKey+Extensions.swift */,
				OBJ_11 /* UInt8Collection+Extensions.swift */,
			);
			path = Extensions;
			sourceTree = "<group>";
		};
/* End PBXGroup section */

/* Begin PBXNativeTarget section */
		209516FF206540A2001AA315 /* HMCryptoKitCommandsInfo */ = {
			isa = PBXNativeTarget;
			buildConfigurationList = 2095170F206540A2001AA315 /* Build configuration list for PBXNativeTarget "HMCryptoKitCommandsInfo" */;
			buildPhases = (
				20951702206540A2001AA315 /* Sources */,
				2095170D206540A2001AA315 /* Frameworks */,
			);
			buildRules = (
			);
			dependencies = (
				20AA9159206E85B100EC9461 /* PBXTargetDependency */,
			);
			name = HMCryptoKitCommandsInfo;
			productName = HMCryptoKit;
			productReference = 20951712206540A2001AA315 /* HMCryptoKitCommandsInfo.framework */;
			productType = "com.apple.product-type.framework";
		};
		"HMCryptoKit::HMCryptoKit" /* HMCryptoKit */ = {
			isa = PBXNativeTarget;
			buildConfigurationList = OBJ_75 /* Build configuration list for PBXNativeTarget "HMCryptoKit" */;
			buildPhases = (
				OBJ_78 /* Sources */,
				OBJ_89 /* Frameworks */,
			);
			buildRules = (
			);
			dependencies = (
			);
			name = HMCryptoKit;
			packageProductDependencies = (
				208389F6230C24E800573E3A /* HMUtilities */,
			);
			productName = HMCryptoKit;
			productReference = "HMCryptoKit::HMCryptoKit::Product" /* HMCryptoKit.framework */;
			productType = "com.apple.product-type.framework";
		};
		"HMCryptoKit::HMCryptoKitCLT" /* HMCryptoKitCLT */ = {
			isa = PBXNativeTarget;
			buildConfigurationList = OBJ_64 /* Build configuration list for PBXNativeTarget "HMCryptoKitCLT" */;
			buildPhases = (
				OBJ_67 /* Sources */,
				OBJ_70 /* Frameworks */,
			);
			buildRules = (
			);
			dependencies = (
				20951717206540DD001AA315 /* PBXTargetDependency */,
				OBJ_73 /* PBXTargetDependency */,
			);
			name = HMCryptoKitCLT;
			productName = HMCryptoKitCLT;
			productReference = "HMCryptoKit::HMCryptoKitCLT::Product" /* HMCryptoKitCLT */;
			productType = "com.apple.product-type.tool";
		};
		"HMCryptoKit::HMCryptoKitTests" /* HMCryptoKitTests */ = {
			isa = PBXNativeTarget;
			buildConfigurationList = OBJ_51 /* Build configuration list for PBXNativeTarget "HMCryptoKitTests" */;
			buildPhases = (
				OBJ_54 /* Sources */,
				OBJ_56 /* Frameworks */,
			);
			buildRules = (
			);
			dependencies = (
				OBJ_59 /* PBXTargetDependency */,
			);
			name = HMCryptoKitTests;
			productName = HMCryptoKitTests;
			productReference = "HMCryptoKit::HMCryptoKitTests::Product" /* HMCryptoKitTests.xctest */;
			productType = "com.apple.product-type.bundle.unit-test";
		};
/* End PBXNativeTarget section */

/* Begin PBXProject section */
		OBJ_1 /* Project object */ = {
			isa = PBXProject;
			attributes = {
				CLASSPREFIX = HM;
				LastUpgradeCheck = 1100;
				ORGANIZATIONNAME = "High Mobility GmbH";
				TargetAttributes = {
					"HMCryptoKit::HMCryptoKit" = {
						LastSwiftMigration = 1000;
					};
					"HMCryptoKit::HMCryptoKitTests" = {
						LastSwiftMigration = 1020;
					};
				};
			};
			buildConfigurationList = OBJ_2 /* Build configuration list for PBXProject "HMCryptoKit" */;
			compatibilityVersion = "Xcode 3.2";
			developmentRegion = en;
			hasScannedForEncodings = 0;
			knownRegions = (
				en,
				Base,
			);
			mainGroup = OBJ_5;
			packageReferences = (
				208389F5230C24E800573E3A /* XCRemoteSwiftPackageReference "hm-utilities-swift" */,
			);
			productRefGroup = OBJ_33 /* Products */;
			projectDirPath = "";
			projectRoot = "";
			targets = (
				"HMCryptoKit::HMCryptoKitTests" /* HMCryptoKitTests */,
				"HMCryptoKit::HMCryptoKitCLT" /* HMCryptoKitCLT */,
				"HMCryptoKit::HMCryptoKit" /* HMCryptoKit */,
				209516FF206540A2001AA315 /* HMCryptoKitCommandsInfo */,
			);
		};
/* End PBXProject section */

/* Begin PBXSourcesBuildPhase section */
		20951702206540A2001AA315 /* Sources */ = {
			isa = PBXSourcesBuildPhase;
			buildActionMask = 0;
			files = (
				20951714206540D1001AA315 /* CommandInfo.swift in Sources */,
				20951715206540D1001AA315 /* CommandsManager.swift in Sources */,
			);
			runOnlyForDeploymentPostprocessing = 0;
		};
		OBJ_54 /* Sources */ = {
			isa = PBXSourcesBuildPhase;
			buildActionMask = 0;
			files = (
				204200222068DFF3006367D5 /* RandomTests.swift in Sources */,
				2042002A20690C09006367D5 /* SignatureTests.swift in Sources */,
				204200262068EEAD006367D5 /* AESTests.swift in Sources */,
				204200282069070D006367D5 /* HMACTests.swift in Sources */,
				204200242068E228006367D5 /* KeysTests.swift in Sources */,
			);
			runOnlyForDeploymentPostprocessing = 0;
		};
		OBJ_67 /* Sources */ = {
			isa = PBXSourcesBuildPhase;
			buildActionMask = 0;
			files = (
				OBJ_69 /* main.swift in Sources */,
				2069E34F2062AD7B00117697 /* Printer.swift in Sources */,
			);
			runOnlyForDeploymentPostprocessing = 0;
		};
		OBJ_78 /* Sources */ = {
			isa = PBXSourcesBuildPhase;
			buildActionMask = 0;
			files = (
				OBJ_79 /* SecKey+Extensions.swift in Sources */,
				OBJ_80 /* UInt8Collection+Extensions.swift in Sources */,
				OBJ_81 /* AES.swift in Sources */,
				OBJ_82 /* HMAC.swift in Sources */,
				OBJ_83 /* Keys.swift in Sources */,
				OBJ_84 /* Random.swift in Sources */,
				OBJ_85 /* SHA.swift in Sources */,
				OBJ_86 /* Signature.swift in Sources */,
				OBJ_87 /* HMCryptoKit.swift in Sources */,
				OBJ_88 /* HMCryptoKitError.swift in Sources */,
			);
			runOnlyForDeploymentPostprocessing = 0;
		};
/* End PBXSourcesBuildPhase section */

/* Begin PBXTargetDependency section */
		20951717206540DD001AA315 /* PBXTargetDependency */ = {
			isa = PBXTargetDependency;
			target = 209516FF206540A2001AA315 /* HMCryptoKitCommandsInfo */;
			targetProxy = 20951716206540DD001AA315 /* PBXContainerItemProxy */;
		};
		20AA9159206E85B100EC9461 /* PBXTargetDependency */ = {
			isa = PBXTargetDependency;
			target = "HMCryptoKit::HMCryptoKit" /* HMCryptoKit */;
			targetProxy = 20AA9158206E85B100EC9461 /* PBXContainerItemProxy */;
		};
		OBJ_59 /* PBXTargetDependency */ = {
			isa = PBXTargetDependency;
			target = "HMCryptoKit::HMCryptoKit" /* HMCryptoKit */;
			targetProxy = 20580B42205AB29E000E9ED3 /* PBXContainerItemProxy */;
		};
		OBJ_73 /* PBXTargetDependency */ = {
			isa = PBXTargetDependency;
			target = "HMCryptoKit::HMCryptoKit" /* HMCryptoKit */;
			targetProxy = 20580B40205AB29E000E9ED3 /* PBXContainerItemProxy */;
		};
/* End PBXTargetDependency section */

/* Begin XCBuildConfiguration section */
		20951710206540A2001AA315 /* Debug */ = {
			isa = XCBuildConfiguration;
			buildSettings = {
				ENABLE_TESTABILITY = YES;
				FRAMEWORK_SEARCH_PATHS = (
					"$(inherited)",
					"$(PLATFORM_DIR)/Developer/Library/Frameworks",
				);
				INFOPLIST_FILE = HMCryptoKit.xcodeproj/HMCryptoKitCommandsInfo_Info.plist;
				LD_RUNPATH_SEARCH_PATHS = "$(TOOLCHAIN_DIR)/usr/lib/swift/macosx";
				PRODUCT_BUNDLE_IDENTIFIER = "com.high-mobility.hmcryptokit-commands-info";
				PRODUCT_MODULE_NAME = HMCryptoKitCommandsInfo;
				PRODUCT_NAME = HMCryptoKitCommandsInfo;
				SWIFT_VERSION = 4.2;
				TARGET_NAME = HMCryptoKitCommandsInfo;
			};
			name = Debug;
		};
		20951711206540A2001AA315 /* Release */ = {
			isa = XCBuildConfiguration;
			buildSettings = {
				ENABLE_TESTABILITY = YES;
				FRAMEWORK_SEARCH_PATHS = (
					"$(inherited)",
					"$(PLATFORM_DIR)/Developer/Library/Frameworks",
				);
				INFOPLIST_FILE = HMCryptoKit.xcodeproj/HMCryptoKitCommandsInfo_Info.plist;
				LD_RUNPATH_SEARCH_PATHS = "$(TOOLCHAIN_DIR)/usr/lib/swift/macosx";
				PRODUCT_BUNDLE_IDENTIFIER = "com.high-mobility.hmcryptokit-commands-info";
				PRODUCT_MODULE_NAME = HMCryptoKitCommandsInfo;
				PRODUCT_NAME = HMCryptoKitCommandsInfo;
				SWIFT_VERSION = 4.2;
				TARGET_NAME = HMCryptoKitCommandsInfo;
			};
			name = Release;
		};
		OBJ_3 /* Debug */ = {
			isa = XCBuildConfiguration;
			buildSettings = {
				CLANG_ANALYZER_LOCALIZABILITY_NONLOCALIZED = YES;
				CLANG_ENABLE_OBJC_ARC = YES;
				CLANG_WARN_BLOCK_CAPTURE_AUTORELEASING = YES;
				CLANG_WARN_BOOL_CONVERSION = YES;
				CLANG_WARN_COMMA = YES;
				CLANG_WARN_CONSTANT_CONVERSION = YES;
				CLANG_WARN_DEPRECATED_OBJC_IMPLEMENTATIONS = YES;
				CLANG_WARN_EMPTY_BODY = YES;
				CLANG_WARN_ENUM_CONVERSION = YES;
				CLANG_WARN_INFINITE_RECURSION = YES;
				CLANG_WARN_INT_CONVERSION = YES;
				CLANG_WARN_NON_LITERAL_NULL_CONVERSION = YES;
				CLANG_WARN_OBJC_IMPLICIT_RETAIN_SELF = YES;
				CLANG_WARN_OBJC_LITERAL_CONVERSION = YES;
				CLANG_WARN_RANGE_LOOP_ANALYSIS = YES;
				CLANG_WARN_STRICT_PROTOTYPES = YES;
				CLANG_WARN_SUSPICIOUS_MOVE = YES;
				CLANG_WARN_UNREACHABLE_CODE = YES;
				CLANG_WARN__DUPLICATE_METHOD_MATCH = YES;
				COMBINE_HIDPI_IMAGES = YES;
				COPY_PHASE_STRIP = NO;
				DEBUG_INFORMATION_FORMAT = dwarf;
				DEFINES_MODULE = YES;
				DYLIB_INSTALL_NAME_BASE = "@rpath";
				ENABLE_NS_ASSERTIONS = YES;
				ENABLE_STRICT_OBJC_MSGSEND = YES;
				ENABLE_TESTABILITY = YES;
				FRAMEWORK_SEARCH_PATHS = "";
				GCC_NO_COMMON_BLOCKS = YES;
				GCC_OPTIMIZATION_LEVEL = 0;
				GCC_WARN_64_TO_32_BIT_CONVERSION = YES;
				GCC_WARN_ABOUT_RETURN_TYPE = YES;
				GCC_WARN_UNDECLARED_SELECTOR = YES;
				GCC_WARN_UNINITIALIZED_AUTOS = YES;
				GCC_WARN_UNUSED_FUNCTION = YES;
				GCC_WARN_UNUSED_VARIABLE = YES;
				HEADER_SEARCH_PATHS = (
					"$(SRCROOT)/.build/checkouts/**",
					"/usr/local/Cellar/openssl/**",
				);
				IPHONEOS_DEPLOYMENT_TARGET = 10.0;
				LIBRARY_SEARCH_PATHS = "/usr/local/Cellar/openssl/**";
				MACOSX_DEPLOYMENT_TARGET = 10.10;
				ONLY_ACTIVE_ARCH = YES;
				OTHER_LDFLAGS = "";
				"OTHER_LDFLAGS[sdk=macosx*]" = (
					"-lssl",
					"-lcrypto",
				);
				OTHER_SWIFT_FLAGS = "";
				"OTHER_SWIFT_FLAGS[sdk=macosx*]" = "-I/usr/local/Cellar/openssl/1.0.2n/include -I/usr/local/Cellar/openssl/1.0.2n/include";
				PRODUCT_NAME = "$(TARGET_NAME)";
				SDKROOT = macosx;
				SUPPORTED_PLATFORMS = "macosx iphoneos iphonesimulator appletvos appletvsimulator watchos watchsimulator";
				SWIFT_ACTIVE_COMPILATION_CONDITIONS = SWIFT_PACKAGE;
				SWIFT_OPTIMIZATION_LEVEL = "-Onone";
				TVOS_DEPLOYMENT_TARGET = 10.0;
				USE_HEADERMAP = NO;
				WATCHOS_DEPLOYMENT_TARGET = 3.0;
			};
			name = Debug;
		};
		OBJ_4 /* Release */ = {
			isa = XCBuildConfiguration;
			buildSettings = {
				CLANG_ANALYZER_LOCALIZABILITY_NONLOCALIZED = YES;
				CLANG_ENABLE_OBJC_ARC = YES;
				CLANG_WARN_BLOCK_CAPTURE_AUTORELEASING = YES;
				CLANG_WARN_BOOL_CONVERSION = YES;
				CLANG_WARN_COMMA = YES;
				CLANG_WARN_CONSTANT_CONVERSION = YES;
				CLANG_WARN_DEPRECATED_OBJC_IMPLEMENTATIONS = YES;
				CLANG_WARN_EMPTY_BODY = YES;
				CLANG_WARN_ENUM_CONVERSION = YES;
				CLANG_WARN_INFINITE_RECURSION = YES;
				CLANG_WARN_INT_CONVERSION = YES;
				CLANG_WARN_NON_LITERAL_NULL_CONVERSION = YES;
				CLANG_WARN_OBJC_IMPLICIT_RETAIN_SELF = YES;
				CLANG_WARN_OBJC_LITERAL_CONVERSION = YES;
				CLANG_WARN_RANGE_LOOP_ANALYSIS = YES;
				CLANG_WARN_STRICT_PROTOTYPES = YES;
				CLANG_WARN_SUSPICIOUS_MOVE = YES;
				CLANG_WARN_UNREACHABLE_CODE = YES;
				CLANG_WARN__DUPLICATE_METHOD_MATCH = YES;
				COMBINE_HIDPI_IMAGES = YES;
				COPY_PHASE_STRIP = YES;
				DEBUG_INFORMATION_FORMAT = "dwarf-with-dsym";
				DEFINES_MODULE = YES;
				DYLIB_INSTALL_NAME_BASE = "@rpath";
				ENABLE_STRICT_OBJC_MSGSEND = YES;
				FRAMEWORK_SEARCH_PATHS = "";
				GCC_NO_COMMON_BLOCKS = YES;
				GCC_OPTIMIZATION_LEVEL = s;
				GCC_WARN_64_TO_32_BIT_CONVERSION = YES;
				GCC_WARN_ABOUT_RETURN_TYPE = YES;
				GCC_WARN_UNDECLARED_SELECTOR = YES;
				GCC_WARN_UNINITIALIZED_AUTOS = YES;
				GCC_WARN_UNUSED_FUNCTION = YES;
				GCC_WARN_UNUSED_VARIABLE = YES;
				HEADER_SEARCH_PATHS = (
					"$(SRCROOT)/.build/checkouts/**",
					"/usr/local/Cellar/openssl/**",
				);
				IPHONEOS_DEPLOYMENT_TARGET = 10.0;
				LIBRARY_SEARCH_PATHS = "/usr/local/Cellar/openssl/**";
				MACOSX_DEPLOYMENT_TARGET = 10.10;
				OTHER_LDFLAGS = "";
				"OTHER_LDFLAGS[sdk=macosx*]" = (
					"-lssl",
					"-lcrypto",
				);
				OTHER_SWIFT_FLAGS = "";
				"OTHER_SWIFT_FLAGS[sdk=macosx*]" = "-I/usr/local/Cellar/openssl/1.0.2n/include -I/usr/local/Cellar/openssl/1.0.2n/include";
				PRODUCT_NAME = "$(TARGET_NAME)";
				SDKROOT = macosx;
				SUPPORTED_PLATFORMS = "macosx iphoneos iphonesimulator appletvos appletvsimulator watchos watchsimulator";
				SWIFT_ACTIVE_COMPILATION_CONDITIONS = SWIFT_PACKAGE;
				SWIFT_COMPILATION_MODE = wholemodule;
				SWIFT_OPTIMIZATION_LEVEL = "-O";
				TVOS_DEPLOYMENT_TARGET = 10.0;
				USE_HEADERMAP = NO;
				WATCHOS_DEPLOYMENT_TARGET = 3.0;
			};
			name = Release;
		};
		OBJ_52 /* Debug */ = {
			isa = XCBuildConfiguration;
			buildSettings = {
				ALWAYS_EMBED_SWIFT_STANDARD_LIBRARIES = YES;
				FRAMEWORK_SEARCH_PATHS = (
					"$(inherited)",
					"$(PLATFORM_DIR)/Developer/Library/Frameworks",
				);
				INFOPLIST_FILE = HMCryptoKit.xcodeproj/HMCryptoKitTests_Info.plist;
				LD_RUNPATH_SEARCH_PATHS = (
					"@loader_path/../Frameworks",
					"@loader_path/Frameworks",
				);
				SWIFT_VERSION = 5.0;
				TARGET_NAME = HMCryptoKitTests;
			};
			name = Debug;
		};
		OBJ_53 /* Release */ = {
			isa = XCBuildConfiguration;
			buildSettings = {
				ALWAYS_EMBED_SWIFT_STANDARD_LIBRARIES = YES;
				FRAMEWORK_SEARCH_PATHS = (
					"$(inherited)",
					"$(PLATFORM_DIR)/Developer/Library/Frameworks",
				);
				INFOPLIST_FILE = HMCryptoKit.xcodeproj/HMCryptoKitTests_Info.plist;
				LD_RUNPATH_SEARCH_PATHS = (
					"@loader_path/../Frameworks",
					"@loader_path/Frameworks",
				);
				SWIFT_VERSION = 5.0;
				TARGET_NAME = HMCryptoKitTests;
			};
			name = Release;
		};
		OBJ_65 /* Debug */ = {
			isa = XCBuildConfiguration;
			buildSettings = {
				CODE_SIGN_IDENTITY = "-";
				FRAMEWORK_SEARCH_PATHS = (
					"$(inherited)",
					"$(PLATFORM_DIR)/Developer/Library/Frameworks",
				);
				INFOPLIST_FILE = HMCryptoKit.xcodeproj/HMCryptoKitCLT_Info.plist;
				LD_RUNPATH_SEARCH_PATHS = (
					"$(TOOLCHAIN_DIR)/usr/lib/swift/macosx",
					"@executable_path",
				);
				SUPPORTED_PLATFORMS = macosx;
				SWIFT_FORCE_DYNAMIC_LINK_STDLIB = YES;
				SWIFT_FORCE_STATIC_LINK_STDLIB = NO;
				SWIFT_VERSION = 4.2;
				TARGET_NAME = HMCryptoKitCLT;
			};
			name = Debug;
		};
		OBJ_66 /* Release */ = {
			isa = XCBuildConfiguration;
			buildSettings = {
				CODE_SIGN_IDENTITY = "-";
				FRAMEWORK_SEARCH_PATHS = (
					"$(inherited)",
					"$(PLATFORM_DIR)/Developer/Library/Frameworks",
				);
				INFOPLIST_FILE = HMCryptoKit.xcodeproj/HMCryptoKitCLT_Info.plist;
				LD_RUNPATH_SEARCH_PATHS = (
					"$(TOOLCHAIN_DIR)/usr/lib/swift/macosx",
					"@executable_path",
				);
				SUPPORTED_PLATFORMS = macosx;
				SWIFT_FORCE_DYNAMIC_LINK_STDLIB = YES;
				SWIFT_FORCE_STATIC_LINK_STDLIB = NO;
				SWIFT_VERSION = 4.2;
				TARGET_NAME = HMCryptoKitCLT;
			};
			name = Release;
		};
		OBJ_76 /* Debug */ = {
			isa = XCBuildConfiguration;
			buildSettings = {
				ENABLE_TESTABILITY = YES;
				FRAMEWORK_SEARCH_PATHS = (
					"$(inherited)",
					"$(PLATFORM_DIR)/Developer/Library/Frameworks",
				);
				INFOPLIST_FILE = HMCryptoKit.xcodeproj/HMCryptoKit_Info.plist;
				LD_RUNPATH_SEARCH_PATHS = "$(TOOLCHAIN_DIR)/usr/lib/swift/macosx";
				PRODUCT_BUNDLE_IDENTIFIER = "com.high-mobility.hmcryptokit";
				PRODUCT_MODULE_NAME = "$(TARGET_NAME:c99extidentifier)";
				PRODUCT_NAME = "$(TARGET_NAME:c99extidentifier)";
				SWIFT_VERSION = 5.0;
				TARGET_NAME = HMCryptoKit;
			};
			name = Debug;
		};
		OBJ_77 /* Release */ = {
			isa = XCBuildConfiguration;
			buildSettings = {
				ENABLE_TESTABILITY = YES;
				FRAMEWORK_SEARCH_PATHS = (
					"$(inherited)",
					"$(PLATFORM_DIR)/Developer/Library/Frameworks",
				);
				INFOPLIST_FILE = HMCryptoKit.xcodeproj/HMCryptoKit_Info.plist;
				LD_RUNPATH_SEARCH_PATHS = "$(TOOLCHAIN_DIR)/usr/lib/swift/macosx";
				PRODUCT_BUNDLE_IDENTIFIER = "com.high-mobility.hmcryptokit";
				PRODUCT_MODULE_NAME = "$(TARGET_NAME:c99extidentifier)";
				PRODUCT_NAME = "$(TARGET_NAME:c99extidentifier)";
				SWIFT_VERSION = 5.0;
				TARGET_NAME = HMCryptoKit;
			};
			name = Release;
		};
/* End XCBuildConfiguration section */

/* Begin XCConfigurationList section */
		2095170F206540A2001AA315 /* Build configuration list for PBXNativeTarget "HMCryptoKitCommandsInfo" */ = {
			isa = XCConfigurationList;
			buildConfigurations = (
				20951710206540A2001AA315 /* Debug */,
				20951711206540A2001AA315 /* Release */,
			);
			defaultConfigurationIsVisible = 0;
			defaultConfigurationName = Debug;
		};
		OBJ_2 /* Build configuration list for PBXProject "HMCryptoKit" */ = {
			isa = XCConfigurationList;
			buildConfigurations = (
				OBJ_3 /* Debug */,
				OBJ_4 /* Release */,
			);
			defaultConfigurationIsVisible = 0;
			defaultConfigurationName = Debug;
		};
		OBJ_51 /* Build configuration list for PBXNativeTarget "HMCryptoKitTests" */ = {
			isa = XCConfigurationList;
			buildConfigurations = (
				OBJ_52 /* Debug */,
				OBJ_53 /* Release */,
			);
			defaultConfigurationIsVisible = 0;
			defaultConfigurationName = Debug;
		};
		OBJ_64 /* Build configuration list for PBXNativeTarget "HMCryptoKitCLT" */ = {
			isa = XCConfigurationList;
			buildConfigurations = (
				OBJ_65 /* Debug */,
				OBJ_66 /* Release */,
			);
			defaultConfigurationIsVisible = 0;
			defaultConfigurationName = Debug;
		};
		OBJ_75 /* Build configuration list for PBXNativeTarget "HMCryptoKit" */ = {
			isa = XCConfigurationList;
			buildConfigurations = (
				OBJ_76 /* Debug */,
				OBJ_77 /* Release */,
			);
			defaultConfigurationIsVisible = 0;
			defaultConfigurationName = Debug;
		};
/* End XCConfigurationList section */

/* Begin XCRemoteSwiftPackageReference section */
		208389F5230C24E800573E3A /* XCRemoteSwiftPackageReference "hm-utilities-swift" */ = {
			isa = XCRemoteSwiftPackageReference;
			repositoryURL = "git@github.com:highmobility/hm-utilities-swift.git";
			requirement = {
				kind = upToNextMinorVersion;
				minimumVersion = 1.4.1;
			};
		};
/* End XCRemoteSwiftPackageReference section */

/* Begin XCSwiftPackageProductDependency section */
		208389F6230C24E800573E3A /* HMUtilities */ = {
			isa = XCSwiftPackageProductDependency;
			package = 208389F5230C24E800573E3A /* XCRemoteSwiftPackageReference "hm-utilities-swift" */;
			productName = HMUtilities;
		};
/* End XCSwiftPackageProductDependency section */
	};
	rootObject = OBJ_1 /* Project object */;
}
