{
  "object": {
    "pins": [
      {
        "package": "COpenSSL",
        "repositoryURL": "https://github.com/highmobility/copenssl",
        "state": {
          "branch": "master",
          "revision": "8f7968d8297cb59d48bc75975f97d5717f61211c",
          "version": null
        }
      }
    ]
  },
  "version": 1
}
